<?xml version="1.0" encoding="utf-8"?>
<Project ToolsVersion="4.0" xmlns="http://schemas.microsoft.com/developer/msbuild/2003">
  <ItemGroup>
    <Filter Include="Archivos de origen">
      <UniqueIdentifier>{4FC737F1-C7A5-4376-A066-2A32D752A2FF}</UniqueIdentifier>
      <Extensions>cpp;c;cc;cxx;def;odl;idl;hpj;bat;asm;asmx</Extensions>
    </Filter>
    <Filter Include="Archivos de encabezado">
      <UniqueIdentifier>{93995380-89BD-4b04-88EB-625FBE52EBFB}</UniqueIdentifier>
      <Extensions>h;hh;hpp;hxx;hm;inl;inc;ipp;xsd</Extensions>
    </Filter>
    <Filter Include="Archivos de recursos">
      <UniqueIdentifier>{67DA6AB6-F800-4c08-8B7A-83BB121AAD01}</UniqueIdentifier>
      <Extensions>rc;ico;cur;bmp;dlg;rc2;rct;bin;rgs;gif;jpg;jpeg;jpe;resx;tiff;tif;png;wav;mfcribbon-ms</Extensions>
    </Filter>
    <Filter Include="Archivos de encabezado\Assembler">
      <UniqueIdentifier>{2774abfe-f095-45ed-ad88-e51c110f827b}</UniqueIdentifier>
    </Filter>
    <Filter Include="Archivos de encabezado\Linker">
      <UniqueIdentifier>{c43c29ac-5bd9-4ff3-a236-f45849293535}</UniqueIdentifier>
    </Filter>
    <Filter Include="Archivos de encabezado\Compiler">
      <UniqueIdentifier>{555e8dad-8a06-41a8-baf8-0c4c60c2bbf5}</UniqueIdentifier>
    </Filter>
    <Filter Include="Archivos de origen\Assembler">
      <UniqueIdentifier>{05cce467-7a4b-440e-8942-d30ae45beb88}</UniqueIdentifier>
    </Filter>
    <Filter Include="Archivos de origen\Linker">
      <UniqueIdentifier>{708b6de5-eabd-4ecf-8db2-402136431cb5}</UniqueIdentifier>
    </Filter>
    <Filter Include="Archivos de origen\Compiler">
      <UniqueIdentifier>{3b4ad73e-0d6c-4047-a2f5-16ba33685921}</UniqueIdentifier>
    </Filter>
    <Filter Include="Archivos de encabezado\Dialogs">
      <UniqueIdentifier>{29eedbbc-a1e7-4930-a4d5-a4b018fbf0e0}</UniqueIdentifier>
    </Filter>
    <Filter Include="Archivos de origen\Dialogs">
      <UniqueIdentifier>{02cecb61-60f0-4169-a40f-5e4b3f8e62c9}</UniqueIdentifier>
    </Filter>
    <Filter Include="Archivos de encabezado\Windows">
      <UniqueIdentifier>{160e962a-da1b-4411-bea7-74976fde79fd}</UniqueIdentifier>
    </Filter>
    <Filter Include="Archivos de origen\Windows">
      <UniqueIdentifier>{bc2a1416-6aa7-470b-a422-aa9a4c57bf2a}</UniqueIdentifier>
    </Filter>
    <Filter Include="Archivos de encabezado\Models">
      <UniqueIdentifier>{bc86ee01-e9e1-4de8-b71a-755e295dc8c7}</UniqueIdentifier>
    </Filter>
    <Filter Include="Archivos de origen\Models">
      <UniqueIdentifier>{3956516c-135f-4b63-b8a4-03bf42bd6e31}</UniqueIdentifier>
    </Filter>
    <Filter Include="Archivos de encabezado\Controls">
      <UniqueIdentifier>{cda24d67-3c91-4124-930b-edf4229ce6b4}</UniqueIdentifier>
    </Filter>
    <Filter Include="Archivos de origen\Controls">
      <UniqueIdentifier>{46a4b1ab-333a-4894-8832-1ca677914de9}</UniqueIdentifier>
    </Filter>
    <Filter Include="Archivos de encabezado\Settings">
      <UniqueIdentifier>{d0c0c2d2-ec5a-4ede-9a5e-0c6cda35655d}</UniqueIdentifier>
    </Filter>
    <Filter Include="Archivos de origen\Settings">
      <UniqueIdentifier>{807b8a07-fd83-423c-9b4a-6834ab8d4733}</UniqueIdentifier>
    </Filter>
    <Filter Include="Archivos de encabezado\ArtProvider">
      <UniqueIdentifier>{ad20708f-79a7-425e-909d-5b36a979c71c}</UniqueIdentifier>
    </Filter>
    <Filter Include="Archivos de origen\ArtProvider">
      <UniqueIdentifier>{718f6bee-6f8a-4b13-9198-5f2ee0c7d958}</UniqueIdentifier>
    </Filter>
  </ItemGroup>
  <ItemGroup>
    <ClInclude Include="targetver.h">
      <Filter>Archivos de encabezado</Filter>
    </ClInclude>
    <ClInclude Include="stdafx.h">
      <Filter>Archivos de encabezado</Filter>
    </ClInclude>
    <ClInclude Include="Main.h">
      <Filter>Archivos de encabezado</Filter>
    </ClInclude>
    <ClInclude Include="CodeEditor.h">
      <Filter>Archivos de encabezado</Filter>
    </ClInclude>
    <ClInclude Include="resource.h">
      <Filter>Archivos de encabezado</Filter>
    </ClInclude>
    <ClInclude Include="resource1.h">
      <Filter>Archivos de encabezado</Filter>
    </ClInclude>
    <ClInclude Include="Project.h">
      <Filter>Archivos de encabezado</Filter>
    </ClInclude>
    <ClInclude Include="File.h">
      <Filter>Archivos de encabezado</Filter>
    </ClInclude>
    <ClInclude Include="AssemblerBase.h">
      <Filter>Archivos de encabezado\Assembler</Filter>
    </ClInclude>
    <ClInclude Include="LinkerBase.h">
      <Filter>Archivos de encabezado\Linker</Filter>
    </ClInclude>
    <ClInclude Include="MASM.h">
      <Filter>Archivos de encabezado\Assembler</Filter>
    </ClInclude>
    <ClInclude Include="MLINKER.h">
      <Filter>Archivos de encabezado\Linker</Filter>
    </ClInclude>
    <ClInclude Include="CompilerBase.h">
      <Filter>Archivos de encabezado\Compiler</Filter>
    </ClInclude>
    <ClInclude Include="FileSettings.h">
      <Filter>Archivos de encabezado</Filter>
    </ClInclude>
    <ClInclude Include="Git.h">
      <Filter>Archivos de encabezado</Filter>
    </ClInclude>
    <ClInclude Include="FileSettingsDlg.h">
      <Filter>Archivos de encabezado\Dialogs</Filter>
    </ClInclude>
    <ClInclude Include="NewProjectDlg.h">
      <Filter>Archivos de encabezado\Dialogs</Filter>
    </ClInclude>
    <ClInclude Include="SettingsDialog.h">
      <Filter>Archivos de encabezado\Dialogs</Filter>
    </ClInclude>
    <ClInclude Include="NewFileDlg.h">
      <Filter>Archivos de encabezado\Dialogs</Filter>
    </ClInclude>
    <ClInclude Include="WindowManager.h">
      <Filter>Archivos de encabezado\Windows</Filter>
    </ClInclude>
    <ClInclude Include="EditorsWindow.h">
      <Filter>Archivos de encabezado\Windows</Filter>
    </ClInclude>
    <ClInclude Include="ProjectsWindow.h">
      <Filter>Archivos de encabezado\Windows</Filter>
    </ClInclude>
    <ClInclude Include="FindAndReplaceWindow.h">
      <Filter>Archivos de encabezado\Windows</Filter>
    </ClInclude>
    <ClInclude Include="Languages.h">
      <Filter>Archivos de encabezado</Filter>
    </ClInclude>
    <ClInclude Include="SearchModel.h">
      <Filter>Archivos de encabezado\Models</Filter>
    </ClInclude>
    <ClInclude Include="SearchModelNode.h">
      <Filter>Archivos de encabezado\Models</Filter>
    </ClInclude>
    <ClInclude Include="CustomFrame.h">
      <Filter>Archivos de encabezado\Windows</Filter>
    </ClInclude>
    <ClInclude Include="AWButton.h">
      <Filter>Archivos de encabezado\Controls</Filter>
    </ClInclude>
    <ClInclude Include="AppSettings.h">
      <Filter>Archivos de encabezado\Settings</Filter>
    </ClInclude>
    <ClInclude Include="AWArtProvider.h">
      <Filter>Archivos de encabezado</Filter>
    </ClInclude>
  </ItemGroup>
  <ItemGroup>
    <ClCompile Include="Main.cpp">
      <Filter>Archivos de origen</Filter>
    </ClCompile>
    <ClCompile Include="CodeEditor.cpp">
      <Filter>Archivos de origen</Filter>
    </ClCompile>
    <ClCompile Include="Project.cpp">
      <Filter>Archivos de origen</Filter>
    </ClCompile>
    <ClCompile Include="File.cpp">
      <Filter>Archivos de origen</Filter>
    </ClCompile>
    <ClCompile Include="MASM.cpp">
      <Filter>Archivos de origen\Assembler</Filter>
    </ClCompile>
    <ClCompile Include="MLINKER.cpp">
      <Filter>Archivos de origen\Linker</Filter>
    </ClCompile>
    <ClCompile Include="FileSettings.cpp">
      <Filter>Archivos de origen</Filter>
    </ClCompile>
    <ClCompile Include="Git.cpp">
      <Filter>Archivos de origen</Filter>
    </ClCompile>
    <ClCompile Include="FileSettingsDlg.cpp">
      <Filter>Archivos de origen\Dialogs</Filter>
    </ClCompile>
    <ClCompile Include="NewProjectDlg.cpp">
      <Filter>Archivos de origen\Dialogs</Filter>
    </ClCompile>
    <ClCompile Include="SettingsDialog.cpp">
      <Filter>Archivos de origen\Dialogs</Filter>
    </ClCompile>
    <ClCompile Include="NewFileDlg.cpp">
      <Filter>Archivos de origen\Dialogs</Filter>
    </ClCompile>
    <ClCompile Include="WindowManager.cpp">
      <Filter>Archivos de origen\Windows</Filter>
    </ClCompile>
    <ClCompile Include="EditorsWindow.cpp">
      <Filter>Archivos de origen\Windows</Filter>
    </ClCompile>
    <ClCompile Include="ProjectsWindow.cpp">
      <Filter>Archivos de origen\Windows</Filter>
    </ClCompile>
    <ClCompile Include="FindAndReplaceWindow.cpp">
      <Filter>Archivos de origen\Windows</Filter>
    </ClCompile>
    <ClCompile Include="Languages.cpp">
      <Filter>Archivos de origen</Filter>
    </ClCompile>
    <ClCompile Include="SearchModel.cpp">
      <Filter>Archivos de origen\Models</Filter>
    </ClCompile>
    <ClCompile Include="SearchModelNode.cpp">
      <Filter>Archivos de origen\Models</Filter>
    </ClCompile>
    <ClCompile Include="CustomFrame.cpp">
      <Filter>Archivos de origen\Windows</Filter>
    </ClCompile>
    <ClCompile Include="AWButton.cpp">
      <Filter>Archivos de origen\Controls</Filter>
    </ClCompile>
    <ClCompile Include="AppSettings.cpp">
      <Filter>Archivos de origen\Settings</Filter>
    </ClCompile>
    <ClCompile Include="AWArtProvider.cpp">
      <Filter>Archivos de origen</Filter>
    </ClCompile>
  </ItemGroup>
  <ItemGroup>
    <ResourceCompile Include="Assembly Workbench.rc">
      <Filter>Archivos de recursos</Filter>
    </ResourceCompile>
  </ItemGroup>
  <ItemGroup>
    <Image Include="icon1.ico">
      <Filter>Archivos de recursos</Filter>
    </Image>
    <Image Include="icon2.ico">
      <Filter>Archivos de recursos</Filter>
    </Image>
    <Image Include="icon3.ico">
      <Filter>Archivos de recursos</Filter>
    </Image>
    <Image Include="icon4.ico">
      <Filter>Archivos de recursos</Filter>
    </Image>
  </ItemGroup>
  <ItemGroup>
    <None Include="Assembly Workbench.licenseheader" />
  </ItemGroup>
</Project>