<?xml version="1.0" encoding="utf-8"?>
<Project ToolsVersion="4.0" xmlns="http://schemas.microsoft.com/developer/msbuild/2003">
  <ItemGroup>
    <Filter Include="Archivos de origen">
      <UniqueIdentifier>{4FC737F1-C7A5-4376-A066-2A32D752A2FF}</UniqueIdentifier>
      <Extensions>cpp;c;cc;cxx;def;odl;idl;hpj;bat;asm;asmx</Extensions>
    </Filter>
    <Filter Include="Archivos de encabezado">
      <UniqueIdentifier>{93995380-89BD-4b04-88EB-625FBE52EBFB}</UniqueIdentifier>
      <Extensions>h;hh;hpp;hxx;hm;inl;inc;ipp;xsd</Extensions>
    </Filter>
    <Filter Include="Archivos de recursos">
      <UniqueIdentifier>{67DA6AB6-F800-4c08-8B7A-83BB121AAD01}</UniqueIdentifier>
      <Extensions>rc;ico;cur;bmp;dlg;rc2;rct;bin;rgs;gif;jpg;jpeg;jpe;resx;tiff;tif;png;wav;mfcribbon-ms</Extensions>
    </Filter>
    <Filter Include="Archivos de encabezado\Assembler">
      <UniqueIdentifier>{2774abfe-f095-45ed-ad88-e51c110f827b}</UniqueIdentifier>
    </Filter>
    <Filter Include="Archivos de encabezado\Linker">
      <UniqueIdentifier>{c43c29ac-5bd9-4ff3-a236-f45849293535}</UniqueIdentifier>
    </Filter>
    <Filter Include="Archivos de encabezado\Compiler">
      <UniqueIdentifier>{555e8dad-8a06-41a8-baf8-0c4c60c2bbf5}</UniqueIdentifier>
    </Filter>
    <Filter Include="Archivos de origen\Assembler">
      <UniqueIdentifier>{05cce467-7a4b-440e-8942-d30ae45beb88}</UniqueIdentifier>
    </Filter>
    <Filter Include="Archivos de origen\Linker">
      <UniqueIdentifier>{708b6de5-eabd-4ecf-8db2-402136431cb5}</UniqueIdentifier>
    </Filter>
    <Filter Include="Archivos de origen\Compiler">
      <UniqueIdentifier>{3b4ad73e-0d6c-4047-a2f5-16ba33685921}</UniqueIdentifier>
    </Filter>
  </ItemGroup>
  <ItemGroup>
    <ClInclude Include="targetver.h">
      <Filter>Archivos de encabezado</Filter>
    </ClInclude>
    <ClInclude Include="stdafx.h">
      <Filter>Archivos de encabezado</Filter>
    </ClInclude>
    <ClInclude Include="Main.h">
      <Filter>Archivos de encabezado</Filter>
    </ClInclude>
    <ClInclude Include="SettingsDialog.h">
      <Filter>Archivos de encabezado</Filter>
    </ClInclude>
    <ClInclude Include="CodeEditor.h">
      <Filter>Archivos de encabezado</Filter>
    </ClInclude>
    <ClInclude Include="resource.h">
      <Filter>Archivos de encabezado</Filter>
    </ClInclude>
    <ClInclude Include="resource1.h">
      <Filter>Archivos de encabezado</Filter>
    </ClInclude>
    <ClInclude Include="Project.h">
      <Filter>Archivos de encabezado</Filter>
    </ClInclude>
    <ClInclude Include="File.h">
      <Filter>Archivos de encabezado</Filter>
    </ClInclude>
    <ClInclude Include="AssemblerBase.h">
      <Filter>Archivos de encabezado\Assembler</Filter>
    </ClInclude>
    <ClInclude Include="LinkerBase.h">
      <Filter>Archivos de encabezado\Linker</Filter>
    </ClInclude>
    <ClInclude Include="MASM.h">
      <Filter>Archivos de encabezado\Assembler</Filter>
    </ClInclude>
    <ClInclude Include="MLINKER.h">
      <Filter>Archivos de encabezado\Linker</Filter>
    </ClInclude>
    <ClInclude Include="CompilerBase.h">
      <Filter>Archivos de encabezado\Compiler</Filter>
    </ClInclude>
  </ItemGroup>
  <ItemGroup>
    <ClCompile Include="Main.cpp">
      <Filter>Archivos de origen</Filter>
    </ClCompile>
    <ClCompile Include="SettingsDialog.cpp">
      <Filter>Archivos de origen</Filter>
    </ClCompile>
    <ClCompile Include="CodeEditor.cpp">
      <Filter>Archivos de origen</Filter>
    </ClCompile>
    <ClCompile Include="Project.cpp">
      <Filter>Archivos de origen</Filter>
    </ClCompile>
    <ClCompile Include="File.cpp">
      <Filter>Archivos de origen</Filter>
    </ClCompile>
    <ClCompile Include="MASM.cpp">
      <Filter>Archivos de origen\Assembler</Filter>
    </ClCompile>
    <ClCompile Include="MLINKER.cpp">
      <Filter>Archivos de origen\Linker</Filter>
    </ClCompile>
  </ItemGroup>
  <ItemGroup>
    <ResourceCompile Include="Assembly Workbench.rc">
      <Filter>Archivos de recursos</Filter>
    </ResourceCompile>
  </ItemGroup>
  <ItemGroup>
    <Image Include="icon1.ico">
      <Filter>Archivos de recursos</Filter>
    </Image>
    <Image Include="icon2.ico">
      <Filter>Archivos de recursos</Filter>
    </Image>
    <Image Include="icon3.ico">
      <Filter>Archivos de recursos</Filter>
    </Image>
    <Image Include="icon4.ico">
      <Filter>Archivos de recursos</Filter>
    </Image>
  </ItemGroup>
  <ItemGroup>
    <None Include="Assembly Workbench.licenseheader" />
  </ItemGroup>
</Project>